
Microsoft Visual Studio Solution File, Format Version 12.00
# Visual Studio 2012
Project("{FAE04EC0-301F-11D3-BF4B-00C04F79EFBC}") = "Menu_Rights", "Menu_Rights\Menu_Rights.csproj", "{63B1FE42-B607-4ADF-805F-40012D989C81}"
EndProject
Project("{FAE04EC0-301F-11D3-BF4B-00C04F79EFBC}") = "Menu_Rights_BO_DAO", "Menu_Rights_BO\Menu_Rights_BO_DAO.csproj", "{58C550F6-8552-4D04-A2C5-B9872C35798E}"
EndProject
Global
	GlobalSection(SolutionConfigurationPlatforms) = preSolution
		Debug|Any CPU = Debug|Any CPU
		Release|Any CPU = Release|Any CPU
	EndGlobalSection
	GlobalSection(ProjectConfigurationPlatforms) = postSolution
		{63B1FE42-B607-4ADF-805F-40012D989C81}.Debug|Any CPU.ActiveCfg = Debug|Any CPU
		{63B1FE42-B607-4ADF-805F-40012D989C81}.Debug|Any CPU.Build.0 = Debug|Any CPU
		{63B1FE42-B607-4ADF-805F-40012D989C81}.Release|Any CPU.ActiveCfg = Release|Any CPU
		{63B1FE42-B607-4ADF-805F-40012D989C81}.Release|Any CPU.Build.0 = Release|Any CPU
		{58C550F6-8552-4D04-A2C5-B9872C35798E}.Debug|Any CPU.ActiveCfg = Debug|Any CPU
		{58C550F6-8552-4D04-A2C5-B9872C35798E}.Debug|Any CPU.Build.0 = Debug|Any CPU
		{58C550F6-8552-4D04-A2C5-B9872C35798E}.Release|Any CPU.ActiveCfg = Release|Any CPU
		{58C550F6-8552-4D04-A2C5-B9872C35798E}.Release|Any CPU.Build.0 = Release|Any CPU
	EndGlobalSection
	GlobalSection(SolutionProperties) = preSolution
		HideSolutionNode = FALSE
	EndGlobalSection
EndGlobal
